<?xml version="1.0" encoding="utf-8"?>
<Project ToolsVersion="4.0" xmlns="http://schemas.microsoft.com/developer/msbuild/2003">
  <ItemGroup>
    <Filter Include="Source Files">
      <UniqueIdentifier>{4FC737F1-C7A5-4376-A066-2A32D752A2FF}</UniqueIdentifier>
      <Extensions>cpp;c;cc;cxx;def;odl;idl;hpj;bat;asm;asmx</Extensions>
    </Filter>
    <Filter Include="Header Files">
      <UniqueIdentifier>{93995380-89BD-4b04-88EB-625FBE52EBFB}</UniqueIdentifier>
      <Extensions>h;hh;hpp;hxx;hm;inl;inc;ipp;xsd</Extensions>
    </Filter>
    <Filter Include="Resource Files">
      <UniqueIdentifier>{67DA6AB6-F800-4c08-8B7A-83BB121AAD01}</UniqueIdentifier>
      <Extensions>rc;ico;cur;bmp;dlg;rc2;rct;bin;rgs;gif;jpg;jpeg;jpe;resx;tiff;tif;png;wav;mfcribbon-ms</Extensions>
    </Filter>
  </ItemGroup>
  <ItemGroup>
    <ClInclude Include="Src\Shapes\Triangle.h">
      <Filter>Header Files</Filter>
    </ClInclude>
    <ClInclude Include="Src\App\EventSystem\EventManager.h">
      <Filter>Header Files</Filter>
    </ClInclude>
    <ClInclude Include="Src\App\ObjectPool\ShapePool.h">
      <Filter>Header Files</Filter>
    </ClInclude>
    <ClInclude Include="Src\App\QuadTree\QuadTree.h">
      <Filter>Header Files</Filter>
    </ClInclude>
    <ClInclude Include="Src\App\GameWindow.h">
      <Filter>Header Files</Filter>
    </ClInclude>
    <ClInclude Include="Src\App\SingletonGraphStates.h">
      <Filter>Header Files</Filter>
    </ClInclude>
    <ClInclude Include="Src\GraphicsComp\CircleGraphComp.h">
      <Filter>Header Files</Filter>
    </ClInclude>
    <ClInclude Include="Src\GraphicsComp\GraphicsComp.h">
      <Filter>Header Files</Filter>
    </ClInclude>
    <ClInclude Include="Src\GraphicsComp\SquareGraphComp.h">
      <Filter>Header Files</Filter>
    </ClInclude>
    <ClInclude Include="Src\GraphicsComp\TriangleGraphComp.h">
      <Filter>Header Files</Filter>
    </ClInclude>
    <ClInclude Include="Src\PhysicsComp\CirclePhysicsComp.h">
      <Filter>Header Files</Filter>
    </ClInclude>
    <ClInclude Include="Src\PhysicsComp\PhysicsComp.h">
      <Filter>Header Files</Filter>
    </ClInclude>
    <ClInclude Include="Src\PhysicsComp\SquarePhysicsComp.h">
      <Filter>Header Files</Filter>
    </ClInclude>
    <ClInclude Include="Src\PhysicsComp\TrianglePhysicsComp.h">
      <Filter>Header Files</Filter>
    </ClInclude>
    <ClInclude Include="Src\Shapes\Circle.h">
      <Filter>Header Files</Filter>
    </ClInclude>
    <ClInclude Include="Src\Shapes\Shape.h">
      <Filter>Header Files</Filter>
    </ClInclude>
    <ClInclude Include="Src\Shapes\Square.h">
      <Filter>Header Files</Filter>
    </ClInclude>
    <ClInclude Include="Src\Shapes\Transform.h">
      <Filter>Header Files</Filter>
    </ClInclude>
    <ClInclude Include="Src\App\Timer.h">
      <Filter>Header Files</Filter>
    </ClInclude>
    <ClInclude Include="Src\Shapes\Boundaries.h">
      <Filter>Header Files</Filter>
    </ClInclude>
    <ClInclude Include="Src\App\LogSystem\Logger.h">
      <Filter>Header Files</Filter>
    </ClInclude>
  </ItemGroup>
  <ItemGroup>
    <ClCompile Include="Src\App\EventSystem\EventManager.cpp">
      <Filter>Source Files</Filter>
    </ClCompile>
    <ClCompile Include="Src\App\ObjectPool\ShapePool.cpp">
      <Filter>Source Files</Filter>
    </ClCompile>
    <ClCompile Include="Src\App\QuadTree\QuadTree.cpp">
      <Filter>Source Files</Filter>
    </ClCompile>
    <ClCompile Include="Src\App\GameWindow.cpp">
      <Filter>Source Files</Filter>
    </ClCompile>
    <ClCompile Include="Src\App\Main.cpp">
      <Filter>Source Files</Filter>
    </ClCompile>
    <ClCompile Include="Src\App\SingletonGraphStates.cpp">
      <Filter>Source Files</Filter>
    </ClCompile>
    <ClCompile Include="Src\GraphicsComp\CircleGraphComp.cpp">
      <Filter>Source Files</Filter>
    </ClCompile>
    <ClCompile Include="Src\GraphicsComp\GraphicsComp.cpp">
      <Filter>Source Files</Filter>
    </ClCompile>
    <ClCompile Include="Src\GraphicsComp\SquareGraphComp.cpp">
      <Filter>Source Files</Filter>
    </ClCompile>
    <ClCompile Include="Src\GraphicsComp\TriangleGraphComp.cpp">
      <Filter>Source Files</Filter>
    </ClCompile>
    <ClCompile Include="Src\PhysicsComp\CirclePhysicsComp.cpp">
      <Filter>Source Files</Filter>
    </ClCompile>
    <ClCompile Include="Src\PhysicsComp\PhysicsComp.cpp">
      <Filter>Source Files</Filter>
    </ClCompile>
    <ClCompile Include="Src\PhysicsComp\SquarePhysicsComp.cpp">
      <Filter>Source Files</Filter>
    </ClCompile>
    <ClCompile Include="Src\PhysicsComp\TrianglePhysicsComp.cpp">
      <Filter>Source Files</Filter>
    </ClCompile>
    <ClCompile Include="Src\Shapes\Circle.cpp">
      <Filter>Source Files</Filter>
    </ClCompile>
    <ClCompile Include="Src\Shapes\Shape.cpp">
      <Filter>Source Files</Filter>
    </ClCompile>
    <ClCompile Include="Src\Shapes\Square.cpp">
      <Filter>Source Files</Filter>
    </ClCompile>
    <ClCompile Include="Src\Shapes\Transform.cpp">
      <Filter>Source Files</Filter>
    </ClCompile>
    <ClCompile Include="Src\Shapes\Triangle.cpp">
      <Filter>Source Files</Filter>
    </ClCompile>
    <ClCompile Include="Src\App\Timer.cpp">
      <Filter>Source Files</Filter>
    </ClCompile>
    <ClCompile Include="Src\Shapes\Boundaries.cpp">
      <Filter>Source Files</Filter>
    </ClCompile>
    <ClCompile Include="Src\App\LogSystem\Logger.cpp">
      <Filter>Source Files</Filter>
    </ClCompile>
  </ItemGroup>
</Project>